// !$*UTF8*$!
{
	archiveVersion = 1;
	classes = {
	};
	objectVersion = 46;
	objects = {

/* Begin PBXBuildFile section */
		48AAA3431AB758170014BC8D /* main.m in Sources */ = {isa = PBXBuildFile; fileRef = 48AAA3421AB758170014BC8D /* main.m */; };
		48AAA3461AB758170014BC8D /* AppDelegate.m in Sources */ = {isa = PBXBuildFile; fileRef = 48AAA3451AB758170014BC8D /* AppDelegate.m */; };
		48AAA3491AB758170014BC8D /* ViewController.m in Sources */ = {isa = PBXBuildFile; fileRef = 48AAA3481AB758170014BC8D /* ViewController.m */; };
		48AAA34C1AB758170014BC8D /* Main.storyboard in Resources */ = {isa = PBXBuildFile; fileRef = 48AAA34A1AB758170014BC8D /* Main.storyboard */; };
		48AAA34E1AB758170014BC8D /* Images.xcassets in Resources */ = {isa = PBXBuildFile; fileRef = 48AAA34D1AB758170014BC8D /* Images.xcassets */; };
		48AAA3511AB758170014BC8D /* LaunchScreen.xib in Resources */ = {isa = PBXBuildFile; fileRef = 48AAA34F1AB758170014BC8D /* LaunchScreen.xib */; };
		48AAA35D1AB758170014BC8D /* ADShowcaseTests.m in Sources */ = {isa = PBXBuildFile; fileRef = 48AAA35C1AB758170014BC8D /* ADShowcaseTests.m */; };
		48AAA36D1AB759150014BC8D /* ADShowcaseViewController.m in Sources */ = {isa = PBXBuildFile; fileRef = 48AAA36C1AB759150014BC8D /* ADShowcaseViewController.m */; };
		48AAA36F1AB760D50014BC8D /* ADShowcaseView.xib in Resources */ = {isa = PBXBuildFile; fileRef = 48AAA36E1AB760D50014BC8D /* ADShowcaseView.xib */; };
/* End PBXBuildFile section */

/* Begin PBXContainerItemProxy section */
		48AAA3571AB758170014BC8D /* PBXContainerItemProxy */ = {
			isa = PBXContainerItemProxy;
			containerPortal = 48AAA3351AB758170014BC8D /* Project object */;
			proxyType = 1;
			remoteGlobalIDString = 48AAA33C1AB758170014BC8D;
			remoteInfo = ADShowcase;
		};
/* End PBXContainerItemProxy section */

/* Begin PBXFileReference section */
		48AAA33D1AB758170014BC8D /* ADShowcase.app */ = {isa = PBXFileReference; explicitFileType = wrapper.application; includeInIndex = 0; path = ADShowcase.app; sourceTree = BUILT_PRODUCTS_DIR; };
		48AAA3411AB758170014BC8D /* Info.plist */ = {isa = PBXFileReference; lastKnownFileType = text.plist.xml; path = Info.plist; sourceTree = "<group>"; };
		48AAA3421AB758170014BC8D /* main.m */ = {isa = PBXFileReference; lastKnownFileType = sourcecode.c.objc; path = main.m; sourceTree = "<group>"; };
		48AAA3441AB758170014BC8D /* AppDelegate.h */ = {isa = PBXFileReference; lastKnownFileType = sourcecode.c.h; path = AppDelegate.h; sourceTree = "<group>"; };
		48AAA3451AB758170014BC8D /* AppDelegate.m */ = {isa = PBXFileReference; lastKnownFileType = sourcecode.c.objc; path = AppDelegate.m; sourceTree = "<group>"; };
		48AAA3471AB758170014BC8D /* ViewController.h */ = {isa = PBXFileReference; lastKnownFileType = sourcecode.c.h; path = ViewController.h; sourceTree = "<group>"; };
		48AAA3481AB758170014BC8D /* ViewController.m */ = {isa = PBXFileReference; lastKnownFileType = sourcecode.c.objc; path = ViewController.m; sourceTree = "<group>"; };
		48AAA34B1AB758170014BC8D /* Base */ = {isa = PBXFileReference; lastKnownFileType = file.storyboard; name = Base; path = Base.lproj/Main.storyboard; sourceTree = "<group>"; };
		48AAA34D1AB758170014BC8D /* Images.xcassets */ = {isa = PBXFileReference; lastKnownFileType = folder.assetcatalog; path = Images.xcassets; sourceTree = "<group>"; };
		48AAA3501AB758170014BC8D /* Base */ = {isa = PBXFileReference; lastKnownFileType = file.xib; name = Base; path = Base.lproj/LaunchScreen.xib; sourceTree = "<group>"; };
		48AAA3561AB758170014BC8D /* ADShowcaseTests.xctest */ = {isa = PBXFileReference; explicitFileType = wrapper.cfbundle; includeInIndex = 0; path = ADShowcaseTests.xctest; sourceTree = BUILT_PRODUCTS_DIR; };
		48AAA35B1AB758170014BC8D /* Info.plist */ = {isa = PBXFileReference; lastKnownFileType = text.plist.xml; path = Info.plist; sourceTree = "<group>"; };
		48AAA35C1AB758170014BC8D /* ADShowcaseTests.m */ = {isa = PBXFileReference; lastKnownFileType = sourcecode.c.objc; path = ADShowcaseTests.m; sourceTree = "<group>"; };
		48AAA36B1AB759150014BC8D /* ADShowcaseViewController.h */ = {isa = PBXFileReference; fileEncoding = 4; lastKnownFileType = sourcecode.c.h; path = ADShowcaseViewController.h; sourceTree = "<group>"; };
		48AAA36C1AB759150014BC8D /* ADShowcaseViewController.m */ = {isa = PBXFileReference; fileEncoding = 4; lastKnownFileType = sourcecode.c.objc; path = ADShowcaseViewController.m; sourceTree = "<group>"; };
		48AAA36E1AB760D50014BC8D /* ADShowcaseView.xib */ = {isa = PBXFileReference; fileEncoding = 4; lastKnownFileType = file.xib; path = ADShowcaseView.xib; sourceTree = "<group>"; };
/* End PBXFileReference section */

/* Begin PBXFrameworksBuildPhase section */
		48AAA33A1AB758170014BC8D /* Frameworks */ = {
			isa = PBXFrameworksBuildPhase;
			buildActionMask = 2147483647;
			files = (
			);
			runOnlyForDeploymentPostprocessing = 0;
		};
		48AAA3531AB758170014BC8D /* Frameworks */ = {
			isa = PBXFrameworksBuildPhase;
			buildActionMask = 2147483647;
			files = (
			);
			runOnlyForDeploymentPostprocessing = 0;
		};
/* End PBXFrameworksBuildPhase section */

/* Begin PBXGroup section */
		48AAA3341AB758170014BC8D = {
			isa = PBXGroup;
			children = (
				48AAA33F1AB758170014BC8D /* ADShowcase */,
				48AAA3591AB758170014BC8D /* ADShowcaseTests */,
				48AAA33E1AB758170014BC8D /* Products */,
			);
			sourceTree = "<group>";
		};
		48AAA33E1AB758170014BC8D /* Products */ = {
			isa = PBXGroup;
			children = (
				48AAA33D1AB758170014BC8D /* ADShowcase.app */,
				48AAA3561AB758170014BC8D /* ADShowcaseTests.xctest */,
			);
			name = Products;
			sourceTree = "<group>";
		};
		48AAA33F1AB758170014BC8D /* ADShowcase */ = {
			isa = PBXGroup;
			children = (
				48AAA36A1AB759020014BC8D /* ADShowcaseViewController */,
				48AAA3441AB758170014BC8D /* AppDelegate.h */,
				48AAA3451AB758170014BC8D /* AppDelegate.m */,
				48AAA3471AB758170014BC8D /* ViewController.h */,
				48AAA3481AB758170014BC8D /* ViewController.m */,
				48AAA34A1AB758170014BC8D /* Main.storyboard */,
				48AAA34D1AB758170014BC8D /* Images.xcassets */,
				48AAA34F1AB758170014BC8D /* LaunchScreen.xib */,
				48AAA3401AB758170014BC8D /* Supporting Files */,
			);
			path = ADShowcase;
			sourceTree = "<group>";
		};
		48AAA3401AB758170014BC8D /* Supporting Files */ = {
			isa = PBXGroup;
			children = (
				48AAA3411AB758170014BC8D /* Info.plist */,
				48AAA3421AB758170014BC8D /* main.m */,
			);
			name = "Supporting Files";
			sourceTree = "<group>";
		};
		48AAA3591AB758170014BC8D /* ADShowcaseTests */ = {
			isa = PBXGroup;
			children = (
				48AAA35C1AB758170014BC8D /* ADShowcaseTests.m */,
				48AAA35A1AB758170014BC8D /* Supporting Files */,
			);
			path = ADShowcaseTests;
			sourceTree = "<group>";
		};
		48AAA35A1AB758170014BC8D /* Supporting Files */ = {
			isa = PBXGroup;
			children = (
				48AAA35B1AB758170014BC8D /* Info.plist */,
			);
			name = "Supporting Files";
			sourceTree = "<group>";
		};
		48AAA36A1AB759020014BC8D /* ADShowcaseViewController */ = {
			isa = PBXGroup;
			children = (
				48AAA36B1AB759150014BC8D /* ADShowcaseViewController.h */,
				48AAA36C1AB759150014BC8D /* ADShowcaseViewController.m */,
				48AAA36E1AB760D50014BC8D /* ADShowcaseView.xib */,
			);
			path = ADShowcaseViewController;
			sourceTree = "<group>";
		};
/* End PBXGroup section */

/* Begin PBXNativeTarget section */
		48AAA33C1AB758170014BC8D /* ADShowcase */ = {
			isa = PBXNativeTarget;
			buildConfigurationList = 48AAA3601AB758170014BC8D /* Build configuration list for PBXNativeTarget "ADShowcase" */;
			buildPhases = (
				48AAA3391AB758170014BC8D /* Sources */,
				48AAA33A1AB758170014BC8D /* Frameworks */,
				48AAA33B1AB758170014BC8D /* Resources */,
			);
			buildRules = (
			);
			dependencies = (
			);
			name = ADShowcase;
			productName = ADShowcase;
			productReference = 48AAA33D1AB758170014BC8D /* ADShowcase.app */;
			productType = "com.apple.product-type.application";
		};
		48AAA3551AB758170014BC8D /* ADShowcaseTests */ = {
			isa = PBXNativeTarget;
			buildConfigurationList = 48AAA3631AB758170014BC8D /* Build configuration list for PBXNativeTarget "ADShowcaseTests" */;
			buildPhases = (
				48AAA3521AB758170014BC8D /* Sources */,
				48AAA3531AB758170014BC8D /* Frameworks */,
				48AAA3541AB758170014BC8D /* Resources */,
			);
			buildRules = (
			);
			dependencies = (
				48AAA3581AB758170014BC8D /* PBXTargetDependency */,
			);
			name = ADShowcaseTests;
			productName = ADShowcaseTests;
			productReference = 48AAA3561AB758170014BC8D /* ADShowcaseTests.xctest */;
			productType = "com.apple.product-type.bundle.unit-test";
		};
/* End PBXNativeTarget section */

/* Begin PBXProject section */
		48AAA3351AB758170014BC8D /* Project object */ = {
			isa = PBXProject;
			attributes = {
				LastUpgradeCheck = 0610;
				ORGANIZATIONNAME = "Aditya Deshmane";
				TargetAttributes = {
					48AAA33C1AB758170014BC8D = {
						CreatedOnToolsVersion = 6.1;
					};
					48AAA3551AB758170014BC8D = {
						CreatedOnToolsVersion = 6.1;
						TestTargetID = 48AAA33C1AB758170014BC8D;
					};
				};
			};
			buildConfigurationList = 48AAA3381AB758170014BC8D /* Build configuration list for PBXProject "ADShowcase" */;
			compatibilityVersion = "Xcode 3.2";
			developmentRegion = English;
			hasScannedForEncodings = 0;
			knownRegions = (
				en,
				Base,
			);
			mainGroup = 48AAA3341AB758170014BC8D;
			productRefGroup = 48AAA33E1AB758170014BC8D /* Products */;
			projectDirPath = "";
			projectRoot = "";
			targets = (
				48AAA33C1AB758170014BC8D /* ADShowcase */,
				48AAA3551AB758170014BC8D /* ADShowcaseTests */,
			);
		};
/* End PBXProject section */

/* Begin PBXResourcesBuildPhase section */
		48AAA33B1AB758170014BC8D /* Resources */ = {
			isa = PBXResourcesBuildPhase;
			buildActionMask = 2147483647;
			files = (
				48AAA36F1AB760D50014BC8D /* ADShowcaseView.xib in Resources */,
				48AAA34C1AB758170014BC8D /* Main.storyboard in Resources */,
				48AAA3511AB758170014BC8D /* LaunchScreen.xib in Resources */,
				48AAA34E1AB758170014BC8D /* Images.xcassets in Resources */,
			);
			runOnlyForDeploymentPostprocessing = 0;
		};
		48AAA3541AB758170014BC8D /* Resources */ = {
			isa = PBXResourcesBuildPhase;
			buildActionMask = 2147483647;
			files = (
			);
			runOnlyForDeploymentPostprocessing = 0;
		};
/* End PBXResourcesBuildPhase section */

/* Begin PBXSourcesBuildPhase section */
		48AAA3391AB758170014BC8D /* Sources */ = {
			isa = PBXSourcesBuildPhase;
			buildActionMask = 2147483647;
			files = (
				48AAA3491AB758170014BC8D /* ViewController.m in Sources */,
				48AAA3461AB758170014BC8D /* AppDelegate.m in Sources */,
				48AAA36D1AB759150014BC8D /* ADShowcaseViewController.m in Sources */,
				48AAA3431AB758170014BC8D /* main.m in Sources */,
			);
			runOnlyForDeploymentPostprocessing = 0;
		};
		48AAA3521AB758170014BC8D /* Sources */ = {
			isa = PBXSourcesBuildPhase;
			buildActionMask = 2147483647;
			files = (
				48AAA35D1AB758170014BC8D /* ADShowcaseTests.m in Sources */,
			);
			runOnlyForDeploymentPostprocessing = 0;
		};
/* End PBXSourcesBuildPhase section */

/* Begin PBXTargetDependency section */
		48AAA3581AB758170014BC8D /* PBXTargetDependency */ = {
			isa = PBXTargetDependency;
			target = 48AAA33C1AB758170014BC8D /* ADShowcase */;
			targetProxy = 48AAA3571AB758170014BC8D /* PBXContainerItemProxy */;
		};
/* End PBXTargetDependency section */

/* Begin PBXVariantGroup section */
		48AAA34A1AB758170014BC8D /* Main.storyboard */ = {
			isa = PBXVariantGroup;
			children = (
				48AAA34B1AB758170014BC8D /* Base */,
			);
			name = Main.storyboard;
			sourceTree = "<group>";
		};
		48AAA34F1AB758170014BC8D /* LaunchScreen.xib */ = {
			isa = PBXVariantGroup;
			children = (
				48AAA3501AB758170014BC8D /* Base */,
			);
			name = LaunchScreen.xib;
			sourceTree = "<group>";
		};
/* End PBXVariantGroup section */

/* Begin XCBuildConfiguration section */
		48AAA35E1AB758170014BC8D /* Debug */ = {
			isa = XCBuildConfiguration;
			buildSettings = {
				ALWAYS_SEARCH_USER_PATHS = NO;
				CLANG_CXX_LANGUAGE_STANDARD = "gnu++0x";
				CLANG_CXX_LIBRARY = "libc++";
				CLANG_ENABLE_MODULES = YES;
				CLANG_ENABLE_OBJC_ARC = YES;
				CLANG_WARN_BOOL_CONVERSION = YES;
				CLANG_WARN_CONSTANT_CONVERSION = YES;
				CLANG_WARN_DIRECT_OBJC_ISA_USAGE = YES_ERROR;
				CLANG_WARN_EMPTY_BODY = YES;
				CLANG_WARN_ENUM_CONVERSION = YES;
				CLANG_WARN_INT_CONVERSION = YES;
				CLANG_WARN_OBJC_ROOT_CLASS = YES_ERROR;
				CLANG_WARN_UNREACHABLE_CODE = YES;
				CLANG_WARN__DUPLICATE_METHOD_MATCH = YES;
				"CODE_SIGN_IDENTITY[sdk=iphoneos*]" = "iPhone Developer";
				COPY_PHASE_STRIP = NO;
				ENABLE_STRICT_OBJC_MSGSEND = YES;
				GCC_C_LANGUAGE_STANDARD = gnu99;
				GCC_DYNAMIC_NO_PIC = NO;
				GCC_OPTIMIZATION_LEVEL = 0;
				GCC_PREPROCESSOR_DEFINITIONS = (
					"DEBUG=1",
					"$(inherited)",
				);
				GCC_SYMBOLS_PRIVATE_EXTERN = NO;
				GCC_WARN_64_TO_32_BIT_CONVERSION = YES;
				GCC_WARN_ABOUT_RETURN_TYPE = YES_ERROR;
				GCC_WARN_UNDECLARED_SELECTOR = YES;
				GCC_WARN_UNINITIALIZED_AUTOS = YES_AGGRESSIVE;
				GCC_WARN_UNUSED_FUNCTION = YES;
				GCC_WARN_UNUSED_VARIABLE = YES;
				IPHONEOS_DEPLOYMENT_TARGET = 8.1;
				MTL_ENABLE_DEBUG_INFO = YES;
				ONLY_ACTIVE_ARCH = YES;
				SDKROOT = iphoneos;
				TARGETED_DEVICE_FAMILY = "1,2";
			};
			name = Debug;
		};
		48AAA35F1AB758170014BC8D /* Release */ = {
			isa = XCBuildConfiguration;
			buildSettings = {
				ALWAYS_SEARCH_USER_PATHS = NO;
				CLANG_CXX_LANGUAGE_STANDARD = "gnu++0x";
				CLANG_CXX_LIBRARY = "libc++";
				CLANG_ENABLE_MODULES = YES;
				CLANG_ENABLE_OBJC_ARC = YES;
				CLANG_WARN_BOOL_CONVERSION = YES;
				CLANG_WARN_CONSTANT_CONVERSION = YES;
				CLANG_WARN_DIRECT_OBJC_ISA_USAGE = YES_ERROR;
				CLANG_WARN_EMPTY_BODY = YES;
				CLANG_WARN_ENUM_CONVERSION = YES;
				CLANG_WARN_INT_CONVERSION = YES;
				CLANG_WARN_OBJC_ROOT_CLASS = YES_ERROR;
				CLANG_WARN_UNREACHABLE_CODE = YES;
				CLANG_WARN__DUPLICATE_METHOD_MATCH = YES;
				"CODE_SIGN_IDENTITY[sdk=iphoneos*]" = "iPhone Developer";
				COPY_PHASE_STRIP = YES;
				ENABLE_NS_ASSERTIONS = NO;
				ENABLE_STRICT_OBJC_MSGSEND = YES;
				GCC_C_LANGUAGE_STANDARD = gnu99;
				GCC_WARN_64_TO_32_BIT_CONVERSION = YES;
				GCC_WARN_ABOUT_RETURN_TYPE = YES_ERROR;
				GCC_WARN_UNDECLARED_SELECTOR = YES;
				GCC_WARN_UNINITIALIZED_AUTOS = YES_AGGRESSIVE;
				GCC_WARN_UNUSED_FUNCTION = YES;
				GCC_WARN_UNUSED_VARIABLE = YES;
				IPHONEOS_DEPLOYMENT_TARGET = 8.1;
				MTL_ENABLE_DEBUG_INFO = NO;
				SDKROOT = iphoneos;
				TARGETED_DEVICE_FAMILY = "1,2";
				VALIDATE_PRODUCT = YES;
			};
			name = Release;
		};
		48AAA3611AB758170014BC8D /* Debug */ = {
			isa = XCBuildConfiguration;
			buildSettings = {
				ASSETCATALOG_COMPILER_APPICON_NAME = AppIcon;
				INFOPLIST_FILE = ADShowcase/Info.plist;
				IPHONEOS_DEPLOYMENT_TARGET = 6.0;
				LD_RUNPATH_SEARCH_PATHS = "$(inherited) @executable_path/Frameworks";
				PRODUCT_NAME = "$(TARGET_NAME)";
			};
			name = Debug;
		};
		48AAA3621AB758170014BC8D /* Release */ = {
			isa = XCBuildConfiguration;
			buildSettings = {
				ASSETCATALOG_COMPILER_APPICON_NAME = AppIcon;
				INFOPLIST_FILE = ADShowcase/Info.plist;
				IPHONEOS_DEPLOYMENT_TARGET = 6.0;
				LD_RUNPATH_SEARCH_PATHS = "$(inherited) @executable_path/Frameworks";
				PRODUCT_NAME = "$(TARGET_NAME)";
			};
			name = Release;
		};
		48AAA3641AB758170014BC8D /* Debug */ = {
			isa = XCBuildConfiguration;
			buildSettings = {
				BUNDLE_LOADER = "$(TEST_HOST)";
				FRAMEWORK_SEARCH_PATHS = (
					"$(SDKROOT)/Developer/Library/Frameworks",
					"$(inherited)",
				);
				GCC_PREPROCESSOR_DEFINITIONS = (
					"DEBUG=1",
					"$(inherited)",
				);
				INFOPLIST_FILE = ADShowcaseTests/Info.plist;
				LD_RUNPATH_SEARCH_PATHS = "$(inherited) @executable_path/Frameworks @loader_path/Frameworks";
				PRODUCT_NAME = "$(TARGET_NAME)";
				TEST_HOST = "$(BUILT_PRODUCTS_DIR)/ADShowcase.app/ADShowcase";
			};
			name = Debug;
		};
		48AAA3651AB758170014BC8D /* Release */ = {
			isa = XCBuildConfiguration;
			buildSettings = {
				BUNDLE_LOADER = "$(TEST_HOST)";
				FRAMEWORK_SEARCH_PATHS = (
					"$(SDKROOT)/Developer/Library/Frameworks",
					"$(inherited)",
				);
				INFOPLIST_FILE = ADShowcaseTests/Info.plist;
				LD_RUNPATH_SEARCH_PATHS = "$(inherited) @executable_path/Frameworks @loader_path/Frameworks";
				PRODUCT_NAME = "$(TARGET_NAME)";
				TEST_HOST = "$(BUILT_PRODUCTS_DIR)/ADShowcase.app/ADShowcase";
			};
			name = Release;
		};
/* End XCBuildConfiguration section */

/* Begin XCConfigurationList section */
		48AAA3381AB758170014BC8D /* Build configuration list for PBXProject "ADShowcase" */ = {
			isa = XCConfigurationList;
			buildConfigurations = (
				48AAA35E1AB758170014BC8D /* Debug */,
				48AAA35F1AB758170014BC8D /* Release */,
			);
			defaultConfigurationIsVisible = 0;
			defaultConfigurationName = Release;
		};
		48AAA3601AB758170014BC8D /* Build configuration list for PBXNativeTarget "ADShowcase" */ = {
			isa = XCConfigurationList;
			buildConfigurations = (
				48AAA3611AB758170014BC8D /* Debug */,
				48AAA3621AB758170014BC8D /* Release */,
			);
			defaultConfigurationIsVisible = 0;
		};
		48AAA3631AB758170014BC8D /* Build configuration list for PBXNativeTarget "ADShowcaseTests" */ = {
			isa = XCConfigurationList;
			buildConfigurations = (
				48AAA3641AB758170014BC8D /* Debug */,
				48AAA3651AB758170014BC8D /* Release */,
			);
			defaultConfigurationIsVisible = 0;
		};
/* End XCConfigurationList section */
	};
	rootObject = 48AAA3351AB758170014BC8D /* Project object */;
}
